// !$*UTF8*$!
{
	archiveVersion = 1;
	classes = {
	};
	objectVersion = 52;
	objects = {

/* Begin PBXBuildFile section */
		020C101F25FAD546000D6DE2 /* UIColor-Extension.swift in Sources */ = {isa = PBXBuildFile; fileRef = 020C101E25FAD546000D6DE2 /* UIColor-Extension.swift */; };
		023FAA2D25F61646000899D8 /* AppDelegate.swift in Sources */ = {isa = PBXBuildFile; fileRef = 023FAA2C25F61646000899D8 /* AppDelegate.swift */; };
		023FAA2F25F61646000899D8 /* SceneDelegate.swift in Sources */ = {isa = PBXBuildFile; fileRef = 023FAA2E25F61646000899D8 /* SceneDelegate.swift */; };
		023FAA3125F61646000899D8 /* HomeViewController.swift in Sources */ = {isa = PBXBuildFile; fileRef = 023FAA3025F61646000899D8 /* HomeViewController.swift */; };
		023FAA3625F61649000899D8 /* Assets.xcassets in Resources */ = {isa = PBXBuildFile; fileRef = 023FAA3525F61649000899D8 /* Assets.xcassets */; };
		023FAA3925F61649000899D8 /* LaunchScreen.storyboard in Resources */ = {isa = PBXBuildFile; fileRef = 023FAA3725F61649000899D8 /* LaunchScreen.storyboard */; };
		023FAA4825F66568000899D8 /* BottomControlView.swift in Sources */ = {isa = PBXBuildFile; fileRef = 023FAA4725F66568000899D8 /* BottomControlView.swift */; };
		023FAA4C25F74D51000899D8 /* UIImage-Extension.swift in Sources */ = {isa = PBXBuildFile; fileRef = 023FAA4B25F74D51000899D8 /* UIImage-Extension.swift */; };
		02685A2F25F884F2002251F9 /* TopControlView.swift in Sources */ = {isa = PBXBuildFile; fileRef = 02685A2E25F884F2002251F9 /* TopControlView.swift */; };
		02685A3325F89507002251F9 /* RxSwift in Frameworks */ = {isa = PBXBuildFile; productRef = 02685A3225F89507002251F9 /* RxSwift */; };
		02685A3525F89507002251F9 /* RxCocoa in Frameworks */ = {isa = PBXBuildFile; productRef = 02685A3425F89507002251F9 /* RxCocoa */; };
		02685A3725F89507002251F9 /* RxRelay in Frameworks */ = {isa = PBXBuildFile; productRef = 02685A3625F89507002251F9 /* RxRelay */; };
		02685A3A25F8D83D002251F9 /* UIView-Extension.swift in Sources */ = {isa = PBXBuildFile; fileRef = 02685A3925F8D83D002251F9 /* UIView-Extension.swift */; };
		02685A5E25FA2B9C002251F9 /* CardView.swift in Sources */ = {isa = PBXBuildFile; fileRef = 02685A5D25FA2B9C002251F9 /* CardView.swift */; };
/* End PBXBuildFile section */

/* Begin PBXFileReference section */
		020C101E25FAD546000D6DE2 /* UIColor-Extension.swift */ = {isa = PBXFileReference; lastKnownFileType = sourcecode.swift; path = "UIColor-Extension.swift"; sourceTree = "<group>"; };
		023FAA2925F61646000899D8 /* MatchingApp.app */ = {isa = PBXFileReference; explicitFileType = wrapper.application; includeInIndex = 0; path = MatchingApp.app; sourceTree = BUILT_PRODUCTS_DIR; };
		023FAA2C25F61646000899D8 /* AppDelegate.swift */ = {isa = PBXFileReference; lastKnownFileType = sourcecode.swift; path = AppDelegate.swift; sourceTree = "<group>"; };
		023FAA2E25F61646000899D8 /* SceneDelegate.swift */ = {isa = PBXFileReference; lastKnownFileType = sourcecode.swift; path = SceneDelegate.swift; sourceTree = "<group>"; };
		023FAA3025F61646000899D8 /* HomeViewController.swift */ = {isa = PBXFileReference; lastKnownFileType = sourcecode.swift; path = HomeViewController.swift; sourceTree = "<group>"; };
		023FAA3525F61649000899D8 /* Assets.xcassets */ = {isa = PBXFileReference; lastKnownFileType = folder.assetcatalog; path = Assets.xcassets; sourceTree = "<group>"; };
		023FAA3825F61649000899D8 /* Base */ = {isa = PBXFileReference; lastKnownFileType = file.storyboard; name = Base; path = Base.lproj/LaunchScreen.storyboard; sourceTree = "<group>"; };
		023FAA3A25F61649000899D8 /* Info.plist */ = {isa = PBXFileReference; lastKnownFileType = text.plist.xml; path = Info.plist; sourceTree = "<group>"; };
		023FAA4725F66568000899D8 /* BottomControlView.swift */ = {isa = PBXFileReference; lastKnownFileType = sourcecode.swift; path = BottomControlView.swift; sourceTree = "<group>"; };
		023FAA4B25F74D51000899D8 /* UIImage-Extension.swift */ = {isa = PBXFileReference; lastKnownFileType = sourcecode.swift; path = "UIImage-Extension.swift"; sourceTree = "<group>"; };
		02685A2E25F884F2002251F9 /* TopControlView.swift */ = {isa = PBXFileReference; lastKnownFileType = sourcecode.swift; path = TopControlView.swift; sourceTree = "<group>"; };
		02685A3925F8D83D002251F9 /* UIView-Extension.swift */ = {isa = PBXFileReference; lastKnownFileType = sourcecode.swift; path = "UIView-Extension.swift"; sourceTree = "<group>"; };
		02685A5D25FA2B9C002251F9 /* CardView.swift */ = {isa = PBXFileReference; lastKnownFileType = sourcecode.swift; path = CardView.swift; sourceTree = "<group>"; };
/* End PBXFileReference section */

/* Begin PBXFrameworksBuildPhase section */
		023FAA2625F61646000899D8 /* Frameworks */ = {
			isa = PBXFrameworksBuildPhase;
			buildActionMask = 2147483647;
			files = (
				02685A3725F89507002251F9 /* RxRelay in Frameworks */,
				02685A3525F89507002251F9 /* RxCocoa in Frameworks */,
				02685A3325F89507002251F9 /* RxSwift in Frameworks */,
			);
			runOnlyForDeploymentPostprocessing = 0;
		};
/* End PBXFrameworksBuildPhase section */

/* Begin PBXGroup section */
		023FAA2025F61646000899D8 = {
			isa = PBXGroup;
			children = (
				023FAA2B25F61646000899D8 /* MatchingApp */,
				023FAA2A25F61646000899D8 /* Products */,
			);
			sourceTree = "<group>";
		};
		023FAA2A25F61646000899D8 /* Products */ = {
			isa = PBXGroup;
			children = (
				023FAA2925F61646000899D8 /* MatchingApp.app */,
			);
			name = Products;
			sourceTree = "<group>";
		};
		023FAA2B25F61646000899D8 /* MatchingApp */ = {
			isa = PBXGroup;
			children = (
				023FAA4E25F74D60000899D8 /* Extensions */,
				023FAA4625F6653B000899D8 /* Views */,
				023FAA4425F664D2000899D8 /* ViewController */,
				023FAA2C25F61646000899D8 /* AppDelegate.swift */,
				023FAA2E25F61646000899D8 /* SceneDelegate.swift */,
				023FAA3525F61649000899D8 /* Assets.xcassets */,
				023FAA3725F61649000899D8 /* LaunchScreen.storyboard */,
				023FAA3A25F61649000899D8 /* Info.plist */,
			);
			path = MatchingApp;
			sourceTree = "<group>";
		};
		023FAA4425F664D2000899D8 /* ViewController */ = {
			isa = PBXGroup;
			children = (
				023FAA3025F61646000899D8 /* HomeViewController.swift */,
			);
			path = ViewController;
			sourceTree = "<group>";
		};
		023FAA4625F6653B000899D8 /* Views */ = {
			isa = PBXGroup;
			children = (
				023FAA4725F66568000899D8 /* BottomControlView.swift */,
				02685A2E25F884F2002251F9 /* TopControlView.swift */,
				02685A5D25FA2B9C002251F9 /* CardView.swift */,
			);
			path = Views;
			sourceTree = "<group>";
		};
		023FAA4E25F74D60000899D8 /* Extensions */ = {
			isa = PBXGroup;
			children = (
				023FAA4B25F74D51000899D8 /* UIImage-Extension.swift */,
				02685A3925F8D83D002251F9 /* UIView-Extension.swift */,
				020C101E25FAD546000D6DE2 /* UIColor-Extension.swift */,
			);
			path = Extensions;
			sourceTree = "<group>";
		};
/* End PBXGroup section */

/* Begin PBXNativeTarget section */
		023FAA2825F61646000899D8 /* MatchingApp */ = {
			isa = PBXNativeTarget;
			buildConfigurationList = 023FAA3D25F61649000899D8 /* Build configuration list for PBXNativeTarget "MatchingApp" */;
			buildPhases = (
				023FAA2525F61646000899D8 /* Sources */,
				023FAA2625F61646000899D8 /* Frameworks */,
				023FAA2725F61646000899D8 /* Resources */,
			);
			buildRules = (
			);
			dependencies = (
			);
			name = MatchingApp;
			packageProductDependencies = (
				02685A3225F89507002251F9 /* RxSwift */,
				02685A3425F89507002251F9 /* RxCocoa */,
				02685A3625F89507002251F9 /* RxRelay */,
			);
			productName = MatchingApp;
			productReference = 023FAA2925F61646000899D8 /* MatchingApp.app */;
			productType = "com.apple.product-type.application";
		};
/* End PBXNativeTarget section */

/* Begin PBXProject section */
		023FAA2125F61646000899D8 /* Project object */ = {
			isa = PBXProject;
			attributes = {
				LastSwiftUpdateCheck = 1230;
				LastUpgradeCheck = 1230;
				TargetAttributes = {
					023FAA2825F61646000899D8 = {
						CreatedOnToolsVersion = 12.3;
					};
				};
			};
			buildConfigurationList = 023FAA2425F61646000899D8 /* Build configuration list for PBXProject "MatchingApp" */;
			compatibilityVersion = "Xcode 9.3";
			developmentRegion = en;
			hasScannedForEncodings = 0;
			knownRegions = (
				en,
				Base,
			);
			mainGroup = 023FAA2025F61646000899D8;
			packageReferences = (
				02685A3125F89507002251F9 /* XCRemoteSwiftPackageReference "RxSwift" */,
			);
			productRefGroup = 023FAA2A25F61646000899D8 /* Products */;
			projectDirPath = "";
			projectRoot = "";
			targets = (
				023FAA2825F61646000899D8 /* MatchingApp */,
			);
		};
/* End PBXProject section */

/* Begin PBXResourcesBuildPhase section */
		023FAA2725F61646000899D8 /* Resources */ = {
			isa = PBXResourcesBuildPhase;
			buildActionMask = 2147483647;
			files = (
				023FAA3925F61649000899D8 /* LaunchScreen.storyboard in Resources */,
				023FAA3625F61649000899D8 /* Assets.xcassets in Resources */,
			);
			runOnlyForDeploymentPostprocessing = 0;
		};
/* End PBXResourcesBuildPhase section */

/* Begin PBXSourcesBuildPhase section */
		023FAA2525F61646000899D8 /* Sources */ = {
			isa = PBXSourcesBuildPhase;
			buildActionMask = 2147483647;
			files = (
				02685A2F25F884F2002251F9 /* TopControlView.swift in Sources */,
				023FAA3125F61646000899D8 /* HomeViewController.swift in Sources */,
				023FAA2D25F61646000899D8 /* AppDelegate.swift in Sources */,
				02685A3A25F8D83D002251F9 /* UIView-Extension.swift in Sources */,
				020C101F25FAD546000D6DE2 /* UIColor-Extension.swift in Sources */,
				023FAA2F25F61646000899D8 /* SceneDelegate.swift in Sources */,
				023FAA4825F66568000899D8 /* BottomControlView.swift in Sources */,
				02685A5E25FA2B9C002251F9 /* CardView.swift in Sources */,
				023FAA4C25F74D51000899D8 /* UIImage-Extension.swift in Sources */,
			);
			runOnlyForDeploymentPostprocessing = 0;
		};
/* End PBXSourcesBuildPhase section */

/* Begin PBXVariantGroup section */
		023FAA3725F61649000899D8 /* LaunchScreen.storyboard */ = {
			isa = PBXVariantGroup;
			children = (
				023FAA3825F61649000899D8 /* Base */,
			);
			name = LaunchScreen.storyboard;
			sourceTree = "<group>";
		};
/* End PBXVariantGroup section */

/* Begin XCBuildConfiguration section */
		023FAA3B25F61649000899D8 /* Debug */ = {
			isa = XCBuildConfiguration;
			buildSettings = {
				ALWAYS_SEARCH_USER_PATHS = NO;
				CLANG_ANALYZER_NONNULL = YES;
				CLANG_ANALYZER_NUMBER_OBJECT_CONVERSION = YES_AGGRESSIVE;
				CLANG_CXX_LANGUAGE_STANDARD = "gnu++14";
				CLANG_CXX_LIBRARY = "libc++";
				CLANG_ENABLE_MODULES = YES;
				CLANG_ENABLE_OBJC_ARC = YES;
				CLANG_ENABLE_OBJC_WEAK = YES;
				CLANG_WARN_BLOCK_CAPTURE_AUTORELEASING = YES;
				CLANG_WARN_BOOL_CONVERSION = YES;
				CLANG_WARN_COMMA = YES;
				CLANG_WARN_CONSTANT_CONVERSION = YES;
				CLANG_WARN_DEPRECATED_OBJC_IMPLEMENTATIONS = YES;
				CLANG_WARN_DIRECT_OBJC_ISA_USAGE = YES_ERROR;
				CLANG_WARN_DOCUMENTATION_COMMENTS = YES;
				CLANG_WARN_EMPTY_BODY = YES;
				CLANG_WARN_ENUM_CONVERSION = YES;
				CLANG_WARN_INFINITE_RECURSION = YES;
				CLANG_WARN_INT_CONVERSION = YES;
				CLANG_WARN_NON_LITERAL_NULL_CONVERSION = YES;
				CLANG_WARN_OBJC_IMPLICIT_RETAIN_SELF = YES;
				CLANG_WARN_OBJC_LITERAL_CONVERSION = YES;
				CLANG_WARN_OBJC_ROOT_CLASS = YES_ERROR;
				CLANG_WARN_QUOTED_INCLUDE_IN_FRAMEWORK_HEADER = YES;
				CLANG_WARN_RANGE_LOOP_ANALYSIS = YES;
				CLANG_WARN_STRICT_PROTOTYPES = YES;
				CLANG_WARN_SUSPICIOUS_MOVE = YES;
				CLANG_WARN_UNGUARDED_AVAILABILITY = YES_AGGRESSIVE;
				CLANG_WARN_UNREACHABLE_CODE = YES;
				CLANG_WARN__DUPLICATE_METHOD_MATCH = YES;
				COPY_PHASE_STRIP = NO;
				DEBUG_INFORMATION_FORMAT = dwarf;
				ENABLE_STRICT_OBJC_MSGSEND = YES;
				ENABLE_TESTABILITY = YES;
				GCC_C_LANGUAGE_STANDARD = gnu11;
				GCC_DYNAMIC_NO_PIC = NO;
				GCC_NO_COMMON_BLOCKS = YES;
				GCC_OPTIMIZATION_LEVEL = 0;
				GCC_PREPROCESSOR_DEFINITIONS = (
					"DEBUG=1",
					"$(inherited)",
				);
				GCC_WARN_64_TO_32_BIT_CONVERSION = YES;
				GCC_WARN_ABOUT_RETURN_TYPE = YES_ERROR;
				GCC_WARN_UNDECLARED_SELECTOR = YES;
				GCC_WARN_UNINITIALIZED_AUTOS = YES_AGGRESSIVE;
				GCC_WARN_UNUSED_FUNCTION = YES;
				GCC_WARN_UNUSED_VARIABLE = YES;
				IPHONEOS_DEPLOYMENT_TARGET = 14.3;
				MTL_ENABLE_DEBUG_INFO = INCLUDE_SOURCE;
				MTL_FAST_MATH = YES;
				ONLY_ACTIVE_ARCH = YES;
				SDKROOT = iphoneos;
				SWIFT_ACTIVE_COMPILATION_CONDITIONS = DEBUG;
				SWIFT_OPTIMIZATION_LEVEL = "-Onone";
			};
			name = Debug;
		};
		023FAA3C25F61649000899D8 /* Release */ = {
			isa = XCBuildConfiguration;
			buildSettings = {
				ALWAYS_SEARCH_USER_PATHS = NO;
				CLANG_ANALYZER_NONNULL = YES;
				CLANG_ANALYZER_NUMBER_OBJECT_CONVERSION = YES_AGGRESSIVE;
				CLANG_CXX_LANGUAGE_STANDARD = "gnu++14";
				CLANG_CXX_LIBRARY = "libc++";
				CLANG_ENABLE_MODULES = YES;
				CLANG_ENABLE_OBJC_ARC = YES;
				CLANG_ENABLE_OBJC_WEAK = YES;
				CLANG_WARN_BLOCK_CAPTURE_AUTORELEASING = YES;
				CLANG_WARN_BOOL_CONVERSION = YES;
				CLANG_WARN_COMMA = YES;
				CLANG_WARN_CONSTANT_CONVERSION = YES;
				CLANG_WARN_DEPRECATED_OBJC_IMPLEMENTATIONS = YES;
				CLANG_WARN_DIRECT_OBJC_ISA_USAGE = YES_ERROR;
				CLANG_WARN_DOCUMENTATION_COMMENTS = YES;
				CLANG_WARN_EMPTY_BODY = YES;
				CLANG_WARN_ENUM_CONVERSION = YES;
				CLANG_WARN_INFINITE_RECURSION = YES;
				CLANG_WARN_INT_CONVERSION = YES;
				CLANG_WARN_NON_LITERAL_NULL_CONVERSION = YES;
				CLANG_WARN_OBJC_IMPLICIT_RETAIN_SELF = YES;
				CLANG_WARN_OBJC_LITERAL_CONVERSION = YES;
				CLANG_WARN_OBJC_ROOT_CLASS = YES_ERROR;
				CLANG_WARN_QUOTED_INCLUDE_IN_FRAMEWORK_HEADER = YES;
				CLANG_WARN_RANGE_LOOP_ANALYSIS = YES;
				CLANG_WARN_STRICT_PROTOTYPES = YES;
				CLANG_WARN_SUSPICIOUS_MOVE = YES;
				CLANG_WARN_UNGUARDED_AVAILABILITY = YES_AGGRESSIVE;
				CLANG_WARN_UNREACHABLE_CODE = YES;
				CLANG_WARN__DUPLICATE_METHOD_MATCH = YES;
				COPY_PHASE_STRIP = NO;
				DEBUG_INFORMATION_FORMAT = "dwarf-with-dsym";
				ENABLE_NS_ASSERTIONS = NO;
				ENABLE_STRICT_OBJC_MSGSEND = YES;
				GCC_C_LANGUAGE_STANDARD = gnu11;
				GCC_NO_COMMON_BLOCKS = YES;
				GCC_WARN_64_TO_32_BIT_CONVERSION = YES;
				GCC_WARN_ABOUT_RETURN_TYPE = YES_ERROR;
				GCC_WARN_UNDECLARED_SELECTOR = YES;
				GCC_WARN_UNINITIALIZED_AUTOS = YES_AGGRESSIVE;
				GCC_WARN_UNUSED_FUNCTION = YES;
				GCC_WARN_UNUSED_VARIABLE = YES;
				IPHONEOS_DEPLOYMENT_TARGET = 14.3;
				MTL_ENABLE_DEBUG_INFO = NO;
				MTL_FAST_MATH = YES;
				SDKROOT = iphoneos;
				SWIFT_COMPILATION_MODE = wholemodule;
				SWIFT_OPTIMIZATION_LEVEL = "-O";
				VALIDATE_PRODUCT = YES;
			};
			name = Release;
		};
		023FAA3E25F61649000899D8 /* Debug */ = {
			isa = XCBuildConfiguration;
			buildSettings = {
				ASSETCATALOG_COMPILER_APPICON_NAME = AppIcon;
				ASSETCATALOG_COMPILER_GLOBAL_ACCENT_COLOR_NAME = AccentColor;
				CODE_SIGN_STYLE = Automatic;
				DEVELOPMENT_TEAM = "";
				INFOPLIST_FILE = MatchingApp/Info.plist;
				LD_RUNPATH_SEARCH_PATHS = (
					"$(inherited)",
					"@executable_path/Frameworks",
				);
				PRODUCT_BUNDLE_IDENTIFIER = kuruma42.MatchingApp;
				PRODUCT_NAME = "$(TARGET_NAME)";
				SWIFT_VERSION = 5.0;
				TARGETED_DEVICE_FAMILY = "1,2";
			};
			name = Debug;
		};
		023FAA3F25F61649000899D8 /* Release */ = {
			isa = XCBuildConfiguration;
			buildSettings = {
				ASSETCATALOG_COMPILER_APPICON_NAME = AppIcon;
				ASSETCATALOG_COMPILER_GLOBAL_ACCENT_COLOR_NAME = AccentColor;
				CODE_SIGN_STYLE = Automatic;
				DEVELOPMENT_TEAM = "";
				INFOPLIST_FILE = MatchingApp/Info.plist;
				LD_RUNPATH_SEARCH_PATHS = (
					"$(inherited)",
					"@executable_path/Frameworks",
				);
				PRODUCT_BUNDLE_IDENTIFIER = kuruma42.MatchingApp;
				PRODUCT_NAME = "$(TARGET_NAME)";
				SWIFT_VERSION = 5.0;
				TARGETED_DEVICE_FAMILY = "1,2";
			};
			name = Release;
		};
/* End XCBuildConfiguration section */

/* Begin XCConfigurationList section */
		023FAA2425F61646000899D8 /* Build configuration list for PBXProject "MatchingApp" */ = {
			isa = XCConfigurationList;
			buildConfigurations = (
				023FAA3B25F61649000899D8 /* Debug */,
				023FAA3C25F61649000899D8 /* Release */,
			);
			defaultConfigurationIsVisible = 0;
			defaultConfigurationName = Release;
		};
		023FAA3D25F61649000899D8 /* Build configuration list for PBXNativeTarget "MatchingApp" */ = {
			isa = XCConfigurationList;
			buildConfigurations = (
				023FAA3E25F61649000899D8 /* Debug */,
				023FAA3F25F61649000899D8 /* Release */,
			);
			defaultConfigurationIsVisible = 0;
			defaultConfigurationName = Release;
		};
/* End XCConfigurationList section */

/* Begin XCRemoteSwiftPackageReference section */
		02685A3125F89507002251F9 /* XCRemoteSwiftPackageReference "RxSwift" */ = {
			isa = XCRemoteSwiftPackageReference;
			repositoryURL = "https://github.com/ReactiveX/RxSwift";
			requirement = {
				kind = exactVersion;
				version = 6.0.0;
			};
		};
/* End XCRemoteSwiftPackageReference section */

/* Begin XCSwiftPackageProductDependency section */
		02685A3225F89507002251F9 /* RxSwift */ = {
			isa = XCSwiftPackageProductDependency;
			package = 02685A3125F89507002251F9 /* XCRemoteSwiftPackageReference "RxSwift" */;
			productName = RxSwift;
		};
		02685A3425F89507002251F9 /* RxCocoa */ = {
			isa = XCSwiftPackageProductDependency;
			package = 02685A3125F89507002251F9 /* XCRemoteSwiftPackageReference "RxSwift" */;
			productName = RxCocoa;
		};
		02685A3625F89507002251F9 /* RxRelay */ = {
			isa = XCSwiftPackageProductDependency;
			package = 02685A3125F89507002251F9 /* XCRemoteSwiftPackageReference "RxSwift" */;
			productName = RxRelay;
		};
/* End XCSwiftPackageProductDependency section */
	};
	rootObject = 023FAA2125F61646000899D8 /* Project object */;
}
